
Microsoft Visual Studio Solution File, Format Version 12.00
# Visual Studio 15
VisualStudioVersion = 15.0.27130.2024
MinimumVisualStudioVersion = 10.0.40219.1
Project("{8BC9CEB8-8B4A-11D0-8D11-00A0C91BC942}") = "RenderSystem", "RenderSystem\RenderSystem.vcxproj", "{9B522A42-0960-4912-84C0-08EF4AE7995B}"
EndProject
Project("{8BC9CEB8-8B4A-11D0-8D11-00A0C91BC942}") = "foundation", "foundation\foundation.vcxproj", "{825BBA9E-A40E-446C-A920-6177F630F6BC}"
EndProject
Project("{8BC9CEB8-8B4A-11D0-8D11-00A0C91BC942}") = "player", "player\player.vcxproj", "{E5962C73-8925-4DA1-9FEA-483354F119C2}"
EndProject
Project("{8BC9CEB8-8B4A-11D0-8D11-00A0C91BC942}") = "WindowsProject1", "WindowsProject1\WindowsProject1.vcxproj", "{432EB6D4-4714-42D7-B1B6-41ECFA64C072}"
EndProject
Global
	GlobalSection(SolutionConfigurationPlatforms) = preSolution
		Debug|x64 = Debug|x64
		Debug|x86 = Debug|x86
		Release|x64 = Release|x64
		Release|x86 = Release|x86
	EndGlobalSection
	GlobalSection(ProjectConfigurationPlatforms) = postSolution
		{9B522A42-0960-4912-84C0-08EF4AE7995B}.Debug|x64.ActiveCfg = Debug|x64
		{9B522A42-0960-4912-84C0-08EF4AE7995B}.Debug|x64.Build.0 = Debug|x64
		{9B522A42-0960-4912-84C0-08EF4AE7995B}.Debug|x86.ActiveCfg = Debug|Win32
		{9B522A42-0960-4912-84C0-08EF4AE7995B}.Debug|x86.Build.0 = Debug|Win32
		{9B522A42-0960-4912-84C0-08EF4AE7995B}.Release|x64.ActiveCfg = Release|x64
		{9B522A42-0960-4912-84C0-08EF4AE7995B}.Release|x64.Build.0 = Release|x64
		{9B522A42-0960-4912-84C0-08EF4AE7995B}.Release|x86.ActiveCfg = Release|Win32
		{9B522A42-0960-4912-84C0-08EF4AE7995B}.Release|x86.Build.0 = Release|Win32
		{825BBA9E-A40E-446C-A920-6177F630F6BC}.Debug|x64.ActiveCfg = Debug|x64
		{825BBA9E-A40E-446C-A920-6177F630F6BC}.Debug|x64.Build.0 = Debug|x64
		{825BBA9E-A40E-446C-A920-6177F630F6BC}.Debug|x86.ActiveCfg = Debug|Win32
		{825BBA9E-A40E-446C-A920-6177F630F6BC}.Debug|x86.Build.0 = Debug|Win32
		{825BBA9E-A40E-446C-A920-6177F630F6BC}.Release|x64.ActiveCfg = Release|x64
		{825BBA9E-A40E-446C-A920-6177F630F6BC}.Release|x64.Build.0 = Release|x64
		{825BBA9E-A40E-446C-A920-6177F630F6BC}.Release|x86.ActiveCfg = Release|Win32
		{825BBA9E-A40E-446C-A920-6177F630F6BC}.Release|x86.Build.0 = Release|Win32
		{E5962C73-8925-4DA1-9FEA-483354F119C2}.Debug|x64.ActiveCfg = Debug|x64
		{E5962C73-8925-4DA1-9FEA-483354F119C2}.Debug|x64.Build.0 = Debug|x64
		{E5962C73-8925-4DA1-9FEA-483354F119C2}.Debug|x86.ActiveCfg = Debug|Win32
		{E5962C73-8925-4DA1-9FEA-483354F119C2}.Debug|x86.Build.0 = Debug|Win32
		{E5962C73-8925-4DA1-9FEA-483354F119C2}.Release|x64.ActiveCfg = Release|x64
		{E5962C73-8925-4DA1-9FEA-483354F119C2}.Release|x64.Build.0 = Release|x64
		{E5962C73-8925-4DA1-9FEA-483354F119C2}.Release|x86.ActiveCfg = Release|Win32
		{E5962C73-8925-4DA1-9FEA-483354F119C2}.Release|x86.Build.0 = Release|Win32
		{432EB6D4-4714-42D7-B1B6-41ECFA64C072}.Debug|x64.ActiveCfg = Debug|x64
		{432EB6D4-4714-42D7-B1B6-41ECFA64C072}.Debug|x64.Build.0 = Debug|x64
		{432EB6D4-4714-42D7-B1B6-41ECFA64C072}.Debug|x86.ActiveCfg = Debug|Win32
		{432EB6D4-4714-42D7-B1B6-41ECFA64C072}.Debug|x86.Build.0 = Debug|Win32
		{432EB6D4-4714-42D7-B1B6-41ECFA64C072}.Release|x64.ActiveCfg = Release|x64
		{432EB6D4-4714-42D7-B1B6-41ECFA64C072}.Release|x64.Build.0 = Release|x64
		{432EB6D4-4714-42D7-B1B6-41ECFA64C072}.Release|x86.ActiveCfg = Release|Win32
		{432EB6D4-4714-42D7-B1B6-41ECFA64C072}.Release|x86.Build.0 = Release|Win32
	EndGlobalSection
	GlobalSection(SolutionProperties) = preSolution
		HideSolutionNode = FALSE
	EndGlobalSection
	GlobalSection(ExtensibilityGlobals) = postSolution
		SolutionGuid = {EC187BE8-5605-4551-876F-1F7B91563607}
	EndGlobalSection
EndGlobal
