<?xml version="1.0" encoding="utf-8"?>
<Project ToolsVersion="4.0" xmlns="http://schemas.microsoft.com/developer/msbuild/2003">
  <ItemGroup>
    <Filter Include="Graphic">
      <UniqueIdentifier>{c71c2de4-63ec-45b5-8054-31be9d49930e}</UniqueIdentifier>
    </Filter>
  </ItemGroup>
  <ItemGroup>
    <ClInclude Include="..\..\src\player\pipeline.h">
      <Filter>Graphic</Filter>
    </ClInclude>
    <ClInclude Include="..\..\src\player\RenderObj.h">
      <Filter>Graphic</Filter>
    </ClInclude>
    <ClInclude Include="..\..\src\player\RenderTarget.h">
      <Filter>Graphic</Filter>
    </ClInclude>
    <ClInclude Include="..\..\src\player\Test_Vert.h">
      <Filter>Graphic</Filter>
    </ClInclude>
    <ClInclude Include="..\..\src\player\ViewPort.h">
      <Filter>Graphic</Filter>
    </ClInclude>
    <ClInclude Include="..\..\src\player\TestShader.h">
      <Filter>Graphic</Filter>
    </ClInclude>
    <ClInclude Include="..\..\src\player\Material.h">
      <Filter>Graphic</Filter>
    </ClInclude>
    <ClInclude Include="..\..\src\player\RenderStateData.h">
      <Filter>Graphic</Filter>
    </ClInclude>
    <ClInclude Include="..\..\src\player\ShaderDesc.h">
      <Filter>Graphic</Filter>
    </ClInclude>
    <ClInclude Include="..\..\src\player\RootSigCreator.h">
      <Filter>Graphic</Filter>
    </ClInclude>
  </ItemGroup>
  <ItemGroup>
    <ClCompile Include="..\..\src\player\main.cpp">
      <Filter>Graphic</Filter>
    </ClCompile>
    <ClCompile Include="..\..\src\player\pipeline.cpp">
      <Filter>Graphic</Filter>
    </ClCompile>
    <ClCompile Include="..\..\src\player\RenderObj.cpp">
      <Filter>Graphic</Filter>
    </ClCompile>
    <ClCompile Include="..\..\src\player\RenderTarget.cpp">
      <Filter>Graphic</Filter>
    </ClCompile>
    <ClCompile Include="..\..\src\player\Viewport.cpp">
      <Filter>Graphic</Filter>
    </ClCompile>
    <ClCompile Include="..\..\src\player\Material.cpp">
      <Filter>Graphic</Filter>
    </ClCompile>
    <ClCompile Include="..\..\src\player\ShaderDesc.cpp">
      <Filter>Graphic</Filter>
    </ClCompile>
    <ClCompile Include="..\..\src\player\RootSigCreator.cpp">
      <Filter>Graphic</Filter>
    </ClCompile>
  </ItemGroup>
</Project>